
Microsoft Visual Studio Solution File, Format Version 12.00
# Visual Studio Version 17
VisualStudioVersion = 17.13.35828.75 d17.13
MinimumVisualStudioVersion = 10.0.40219.1
Project("{8BC9CEB8-8B4A-11D0-8D11-00A0C91BC942}") = "TheChernoOpenGL", "TheChernoOpenGL\TheChernoOpenGL.vcxproj", "{A1323D0A-EFB0-4840-88F4-C1E950DA784F}"
EndProject
Global
	GlobalSection(SolutionConfigurationPlatforms) = preSolution
		Debug|x64 = Debug|x64
		Debug|x86 = Debug|x86
		Release|x64 = Release|x64
		Release|x86 = Release|x86
	EndGlobalSection
	GlobalSection(ProjectConfigurationPlatforms) = postSolution
		{A1323D0A-EFB0-4840-88F4-C1E950DA784F}.Debug|x64.ActiveCfg = Debug|x64
		{A1323D0A-EFB0-4840-88F4-C1E950DA784F}.Debug|x64.Build.0 = Debug|x64
		{A1323D0A-EFB0-4840-88F4-C1E950DA784F}.Debug|x86.ActiveCfg = Debug|Win32
		{A1323D0A-EFB0-4840-88F4-C1E950DA784F}.Debug|x86.Build.0 = Debug|Win32
		{A1323D0A-EFB0-4840-88F4-C1E950DA784F}.Release|x64.ActiveCfg = Release|x64
		{A1323D0A-EFB0-4840-88F4-C1E950DA784F}.Release|x64.Build.0 = Release|x64
		{A1323D0A-EFB0-4840-88F4-C1E950DA784F}.Release|x86.ActiveCfg = Release|Win32
		{A1323D0A-EFB0-4840-88F4-C1E950DA784F}.Release|x86.Build.0 = Release|Win32
	EndGlobalSection
	GlobalSection(SolutionProperties) = preSolution
		HideSolutionNode = FALSE
	EndGlobalSection
	GlobalSection(ExtensibilityGlobals) = postSolution
		SolutionGuid = {232BDC4A-2928-456C-B29A-53B06B8CD1EB}
	EndGlobalSection
EndGlobal
